// !$*UTF8*$!
{
	archiveVersion = 1;
	classes = {
	};
	objectVersion = 50;
	objects = {

/* Begin PBXBuildFile section */
		BD00DEDC23AA99B6007B6318 /* AppDelegate.m in Sources */ = {isa = PBXBuildFile; fileRef = BD00DEDB23AA99B6007B6318 /* AppDelegate.m */; };
		BD00DEDF23AA99B6007B6318 /* SceneDelegate.m in Sources */ = {isa = PBXBuildFile; fileRef = BD00DEDE23AA99B6007B6318 /* SceneDelegate.m */; };
		BD00DEE223AA99B6007B6318 /* ViewController.m in Sources */ = {isa = PBXBuildFile; fileRef = BD00DEE123AA99B6007B6318 /* ViewController.m */; };
		BD00DEE523AA99B6007B6318 /* Main.storyboard in Resources */ = {isa = PBXBuildFile; fileRef = BD00DEE323AA99B6007B6318 /* Main.storyboard */; };
		BD00DEE723AA99B8007B6318 /* Assets.xcassets in Resources */ = {isa = PBXBuildFile; fileRef = BD00DEE623AA99B8007B6318 /* Assets.xcassets */; };
		BD00DEEA23AA99B8007B6318 /* LaunchScreen.storyboard in Resources */ = {isa = PBXBuildFile; fileRef = BD00DEE823AA99B8007B6318 /* LaunchScreen.storyboard */; };
		BD00DEED23AA99B8007B6318 /* main.m in Sources */ = {isa = PBXBuildFile; fileRef = BD00DEEC23AA99B8007B6318 /* main.m */; };
		BD00DEF723AAA485007B6318 /* Car.m in Sources */ = {isa = PBXBuildFile; fileRef = BD00DEF523AAA485007B6318 /* Car.m */; };
		BD00DEF823AAA485007B6318 /* Person.m in Sources */ = {isa = PBXBuildFile; fileRef = BD00DEF623AAA485007B6318 /* Person.m */; };
/* End PBXBuildFile section */

/* Begin PBXFileReference section */
		BD00DED723AA99B6007B6318 /* iOS10-Memory-Management.app */ = {isa = PBXFileReference; explicitFileType = wrapper.application; includeInIndex = 0; path = "iOS10-Memory-Management.app"; sourceTree = BUILT_PRODUCTS_DIR; };
		BD00DEDA23AA99B6007B6318 /* AppDelegate.h */ = {isa = PBXFileReference; lastKnownFileType = sourcecode.c.h; path = AppDelegate.h; sourceTree = "<group>"; };
		BD00DEDB23AA99B6007B6318 /* AppDelegate.m */ = {isa = PBXFileReference; lastKnownFileType = sourcecode.c.objc; path = AppDelegate.m; sourceTree = "<group>"; };
		BD00DEDD23AA99B6007B6318 /* SceneDelegate.h */ = {isa = PBXFileReference; lastKnownFileType = sourcecode.c.h; path = SceneDelegate.h; sourceTree = "<group>"; };
		BD00DEDE23AA99B6007B6318 /* SceneDelegate.m */ = {isa = PBXFileReference; lastKnownFileType = sourcecode.c.objc; path = SceneDelegate.m; sourceTree = "<group>"; };
		BD00DEE023AA99B6007B6318 /* ViewController.h */ = {isa = PBXFileReference; lastKnownFileType = sourcecode.c.h; path = ViewController.h; sourceTree = "<group>"; };
		BD00DEE123AA99B6007B6318 /* ViewController.m */ = {isa = PBXFileReference; lastKnownFileType = sourcecode.c.objc; path = ViewController.m; sourceTree = "<group>"; };
		BD00DEE423AA99B6007B6318 /* Base */ = {isa = PBXFileReference; lastKnownFileType = file.storyboard; name = Base; path = Base.lproj/Main.storyboard; sourceTree = "<group>"; };
		BD00DEE623AA99B8007B6318 /* Assets.xcassets */ = {isa = PBXFileReference; lastKnownFileType = folder.assetcatalog; path = Assets.xcassets; sourceTree = "<group>"; };
		BD00DEE923AA99B8007B6318 /* Base */ = {isa = PBXFileReference; lastKnownFileType = file.storyboard; name = Base; path = Base.lproj/LaunchScreen.storyboard; sourceTree = "<group>"; };
		BD00DEEB23AA99B8007B6318 /* Info.plist */ = {isa = PBXFileReference; lastKnownFileType = text.plist.xml; path = Info.plist; sourceTree = "<group>"; };
		BD00DEEC23AA99B8007B6318 /* main.m */ = {isa = PBXFileReference; lastKnownFileType = sourcecode.c.objc; path = main.m; sourceTree = "<group>"; };
		BD00DEF323AAA485007B6318 /* Person.h */ = {isa = PBXFileReference; fileEncoding = 4; lastKnownFileType = sourcecode.c.h; path = Person.h; sourceTree = "<group>"; };
		BD00DEF423AAA485007B6318 /* Car.h */ = {isa = PBXFileReference; fileEncoding = 4; lastKnownFileType = sourcecode.c.h; path = Car.h; sourceTree = "<group>"; };
		BD00DEF523AAA485007B6318 /* Car.m */ = {isa = PBXFileReference; fileEncoding = 4; lastKnownFileType = sourcecode.c.objc; path = Car.m; sourceTree = "<group>"; };
		BD00DEF623AAA485007B6318 /* Person.m */ = {isa = PBXFileReference; fileEncoding = 4; lastKnownFileType = sourcecode.c.objc; path = Person.m; sourceTree = "<group>"; };
/* End PBXFileReference section */

/* Begin PBXFrameworksBuildPhase section */
		BD00DED423AA99B6007B6318 /* Frameworks */ = {
			isa = PBXFrameworksBuildPhase;
			buildActionMask = 2147483647;
			files = (
			);
			runOnlyForDeploymentPostprocessing = 0;
		};
/* End PBXFrameworksBuildPhase section */

/* Begin PBXGroup section */
		BD00DECE23AA99B6007B6318 = {
			isa = PBXGroup;
			children = (
				BD00DED923AA99B6007B6318 /* iOS10-Memory-Management */,
				BD00DED823AA99B6007B6318 /* Products */,
			);
			sourceTree = "<group>";
		};
		BD00DED823AA99B6007B6318 /* Products */ = {
			isa = PBXGroup;
			children = (
				BD00DED723AA99B6007B6318 /* iOS10-Memory-Management.app */,
			);
			name = Products;
			sourceTree = "<group>";
		};
		BD00DED923AA99B6007B6318 /* iOS10-Memory-Management */ = {
			isa = PBXGroup;
			children = (
				BD00DEDA23AA99B6007B6318 /* AppDelegate.h */,
				BD00DEDB23AA99B6007B6318 /* AppDelegate.m */,
				BD00DEDD23AA99B6007B6318 /* SceneDelegate.h */,
				BD00DEDE23AA99B6007B6318 /* SceneDelegate.m */,
				BD00DEE023AA99B6007B6318 /* ViewController.h */,
				BD00DEE123AA99B6007B6318 /* ViewController.m */,
				BD00DEF423AAA485007B6318 /* Car.h */,
				BD00DEF523AAA485007B6318 /* Car.m */,
				BD00DEF323AAA485007B6318 /* Person.h */,
				BD00DEF623AAA485007B6318 /* Person.m */,
				BD00DEE323AA99B6007B6318 /* Main.storyboard */,
				BD00DEE623AA99B8007B6318 /* Assets.xcassets */,
				BD00DEE823AA99B8007B6318 /* LaunchScreen.storyboard */,
				BD00DEEB23AA99B8007B6318 /* Info.plist */,
				BD00DEEC23AA99B8007B6318 /* main.m */,
			);
			path = "iOS10-Memory-Management";
			sourceTree = "<group>";
		};
/* End PBXGroup section */

/* Begin PBXNativeTarget section */
		BD00DED623AA99B6007B6318 /* iOS10-Memory-Management */ = {
			isa = PBXNativeTarget;
			buildConfigurationList = BD00DEF023AA99B8007B6318 /* Build configuration list for PBXNativeTarget "iOS10-Memory-Management" */;
			buildPhases = (
				BD00DED323AA99B6007B6318 /* Sources */,
				BD00DED423AA99B6007B6318 /* Frameworks */,
				BD00DED523AA99B6007B6318 /* Resources */,
			);
			buildRules = (
			);
			dependencies = (
			);
			name = "iOS10-Memory-Management";
			productName = "iOS10-Memory-Management";
			productReference = BD00DED723AA99B6007B6318 /* iOS10-Memory-Management.app */;
			productType = "com.apple.product-type.application";
		};
/* End PBXNativeTarget section */

/* Begin PBXProject section */
		BD00DECF23AA99B6007B6318 /* Project object */ = {
			isa = PBXProject;
			attributes = {
				LastUpgradeCheck = 1130;
				ORGANIZATIONNAME = "Lambda, Inc";
				TargetAttributes = {
					BD00DED623AA99B6007B6318 = {
						CreatedOnToolsVersion = 11.3;
					};
				};
			};
			buildConfigurationList = BD00DED223AA99B6007B6318 /* Build configuration list for PBXProject "iOS10-Memory-Management" */;
			compatibilityVersion = "Xcode 9.3";
			developmentRegion = en;
			hasScannedForEncodings = 0;
			knownRegions = (
				en,
				Base,
			);
			mainGroup = BD00DECE23AA99B6007B6318;
			productRefGroup = BD00DED823AA99B6007B6318 /* Products */;
			projectDirPath = "";
			projectRoot = "";
			targets = (
				BD00DED623AA99B6007B6318 /* iOS10-Memory-Management */,
			);
		};
/* End PBXProject section */

/* Begin PBXResourcesBuildPhase section */
		BD00DED523AA99B6007B6318 /* Resources */ = {
			isa = PBXResourcesBuildPhase;
			buildActionMask = 2147483647;
			files = (
				BD00DEEA23AA99B8007B6318 /* LaunchScreen.storyboard in Resources */,
				BD00DEE723AA99B8007B6318 /* Assets.xcassets in Resources */,
				BD00DEE523AA99B6007B6318 /* Main.storyboard in Resources */,
			);
			runOnlyForDeploymentPostprocessing = 0;
		};
/* End PBXResourcesBuildPhase section */

/* Begin PBXSourcesBuildPhase section */
		BD00DED323AA99B6007B6318 /* Sources */ = {
			isa = PBXSourcesBuildPhase;
			buildActionMask = 2147483647;
			files = (
				BD00DEF823AAA485007B6318 /* Person.m in Sources */,
				BD00DEF723AAA485007B6318 /* Car.m in Sources */,
				BD00DEE223AA99B6007B6318 /* ViewController.m in Sources */,
				BD00DEDC23AA99B6007B6318 /* AppDelegate.m in Sources */,
				BD00DEED23AA99B8007B6318 /* main.m in Sources */,
				BD00DEDF23AA99B6007B6318 /* SceneDelegate.m in Sources */,
			);
			runOnlyForDeploymentPostprocessing = 0;
		};
/* End PBXSourcesBuildPhase section */

/* Begin PBXVariantGroup section */
		BD00DEE323AA99B6007B6318 /* Main.storyboard */ = {
			isa = PBXVariantGroup;
			children = (
				BD00DEE423AA99B6007B6318 /* Base */,
			);
			name = Main.storyboard;
			sourceTree = "<group>";
		};
		BD00DEE823AA99B8007B6318 /* LaunchScreen.storyboard */ = {
			isa = PBXVariantGroup;
			children = (
				BD00DEE923AA99B8007B6318 /* Base */,
			);
			name = LaunchScreen.storyboard;
			sourceTree = "<group>";
		};
/* End PBXVariantGroup section */

/* Begin XCBuildConfiguration section */
		BD00DEEE23AA99B8007B6318 /* Debug */ = {
			isa = XCBuildConfiguration;
			buildSettings = {
				ALWAYS_SEARCH_USER_PATHS = NO;
				CLANG_ANALYZER_NONNULL = YES;
				CLANG_ANALYZER_NUMBER_OBJECT_CONVERSION = YES_AGGRESSIVE;
				CLANG_CXX_LANGUAGE_STANDARD = "gnu++14";
				CLANG_CXX_LIBRARY = "libc++";
				CLANG_ENABLE_MODULES = YES;
				CLANG_ENABLE_OBJC_ARC = YES;
				CLANG_ENABLE_OBJC_WEAK = YES;
				CLANG_WARN_BLOCK_CAPTURE_AUTORELEASING = YES;
				CLANG_WARN_BOOL_CONVERSION = YES;
				CLANG_WARN_COMMA = YES;
				CLANG_WARN_CONSTANT_CONVERSION = YES;
				CLANG_WARN_DEPRECATED_OBJC_IMPLEMENTATIONS = YES;
				CLANG_WARN_DIRECT_OBJC_ISA_USAGE = YES_ERROR;
				CLANG_WARN_DOCUMENTATION_COMMENTS = YES;
				CLANG_WARN_EMPTY_BODY = YES;
				CLANG_WARN_ENUM_CONVERSION = YES;
				CLANG_WARN_INFINITE_RECURSION = YES;
				CLANG_WARN_INT_CONVERSION = YES;
				CLANG_WARN_NON_LITERAL_NULL_CONVERSION = YES;
				CLANG_WARN_OBJC_IMPLICIT_RETAIN_SELF = YES;
				CLANG_WARN_OBJC_LITERAL_CONVERSION = YES;
				CLANG_WARN_OBJC_ROOT_CLASS = YES_ERROR;
				CLANG_WARN_RANGE_LOOP_ANALYSIS = YES;
				CLANG_WARN_STRICT_PROTOTYPES = YES;
				CLANG_WARN_SUSPICIOUS_MOVE = YES;
				CLANG_WARN_UNGUARDED_AVAILABILITY = YES_AGGRESSIVE;
				CLANG_WARN_UNREACHABLE_CODE = YES;
				CLANG_WARN__DUPLICATE_METHOD_MATCH = YES;
				COPY_PHASE_STRIP = NO;
				DEBUG_INFORMATION_FORMAT = dwarf;
				ENABLE_STRICT_OBJC_MSGSEND = YES;
				ENABLE_TESTABILITY = YES;
				GCC_C_LANGUAGE_STANDARD = gnu11;
				GCC_DYNAMIC_NO_PIC = NO;
				GCC_NO_COMMON_BLOCKS = YES;
				GCC_OPTIMIZATION_LEVEL = 0;
				GCC_PREPROCESSOR_DEFINITIONS = (
					"DEBUG=1",
					"$(inherited)",
				);
				GCC_WARN_64_TO_32_BIT_CONVERSION = YES;
				GCC_WARN_ABOUT_RETURN_TYPE = YES_ERROR;
				GCC_WARN_UNDECLARED_SELECTOR = YES;
				GCC_WARN_UNINITIALIZED_AUTOS = YES_AGGRESSIVE;
				GCC_WARN_UNUSED_FUNCTION = YES;
				GCC_WARN_UNUSED_VARIABLE = YES;
				IPHONEOS_DEPLOYMENT_TARGET = 13.2;
				MTL_ENABLE_DEBUG_INFO = INCLUDE_SOURCE;
				MTL_FAST_MATH = YES;
				ONLY_ACTIVE_ARCH = YES;
				SDKROOT = iphoneos;
			};
			name = Debug;
		};
		BD00DEEF23AA99B8007B6318 /* Release */ = {
			isa = XCBuildConfiguration;
			buildSettings = {
				ALWAYS_SEARCH_USER_PATHS = NO;
				CLANG_ANALYZER_NONNULL = YES;
				CLANG_ANALYZER_NUMBER_OBJECT_CONVERSION = YES_AGGRESSIVE;
				CLANG_CXX_LANGUAGE_STANDARD = "gnu++14";
				CLANG_CXX_LIBRARY = "libc++";
				CLANG_ENABLE_MODULES = YES;
				CLANG_ENABLE_OBJC_ARC = YES;
				CLANG_ENABLE_OBJC_WEAK = YES;
				CLANG_WARN_BLOCK_CAPTURE_AUTORELEASING = YES;
				CLANG_WARN_BOOL_CONVERSION = YES;
				CLANG_WARN_COMMA = YES;
				CLANG_WARN_CONSTANT_CONVERSION = YES;
				CLANG_WARN_DEPRECATED_OBJC_IMPLEMENTATIONS = YES;
				CLANG_WARN_DIRECT_OBJC_ISA_USAGE = YES_ERROR;
				CLANG_WARN_DOCUMENTATION_COMMENTS = YES;
				CLANG_WARN_EMPTY_BODY = YES;
				CLANG_WARN_ENUM_CONVERSION = YES;
				CLANG_WARN_INFINITE_RECURSION = YES;
				CLANG_WARN_INT_CONVERSION = YES;
				CLANG_WARN_NON_LITERAL_NULL_CONVERSION = YES;
				CLANG_WARN_OBJC_IMPLICIT_RETAIN_SELF = YES;
				CLANG_WARN_OBJC_LITERAL_CONVERSION = YES;
				CLANG_WARN_OBJC_ROOT_CLASS = YES_ERROR;
				CLANG_WARN_RANGE_LOOP_ANALYSIS = YES;
				CLANG_WARN_STRICT_PROTOTYPES = YES;
				CLANG_WARN_SUSPICIOUS_MOVE = YES;
				CLANG_WARN_UNGUARDED_AVAILABILITY = YES_AGGRESSIVE;
				CLANG_WARN_UNREACHABLE_CODE = YES;
				CLANG_WARN__DUPLICATE_METHOD_MATCH = YES;
				COPY_PHASE_STRIP = NO;
				DEBUG_INFORMATION_FORMAT = "dwarf-with-dsym";
				ENABLE_NS_ASSERTIONS = NO;
				ENABLE_STRICT_OBJC_MSGSEND = YES;
				GCC_C_LANGUAGE_STANDARD = gnu11;
				GCC_NO_COMMON_BLOCKS = YES;
				GCC_WARN_64_TO_32_BIT_CONVERSION = YES;
				GCC_WARN_ABOUT_RETURN_TYPE = YES_ERROR;
				GCC_WARN_UNDECLARED_SELECTOR = YES;
				GCC_WARN_UNINITIALIZED_AUTOS = YES_AGGRESSIVE;
				GCC_WARN_UNUSED_FUNCTION = YES;
				GCC_WARN_UNUSED_VARIABLE = YES;
				IPHONEOS_DEPLOYMENT_TARGET = 13.2;
				MTL_ENABLE_DEBUG_INFO = NO;
				MTL_FAST_MATH = YES;
				SDKROOT = iphoneos;
				VALIDATE_PRODUCT = YES;
			};
			name = Release;
		};
		BD00DEF123AA99B8007B6318 /* Debug */ = {
			isa = XCBuildConfiguration;
			buildSettings = {
				ASSETCATALOG_COMPILER_APPICON_NAME = AppIcon;
				CLANG_ENABLE_OBJC_ARC = NO;
				CODE_SIGN_STYLE = Automatic;
				DEVELOPMENT_TEAM = VXUQXR6S56;
				INFOPLIST_FILE = "iOS10-Memory-Management/Info.plist";
				LD_RUNPATH_SEARCH_PATHS = (
					"$(inherited)",
					"@executable_path/Frameworks",
				);
				PRODUCT_BUNDLE_IDENTIFIER = "com.lambdaschool.iOS10-Memory-Management";
				PRODUCT_NAME = "$(TARGET_NAME)";
				TARGETED_DEVICE_FAMILY = "1,2";
			};
			name = Debug;
		};
		BD00DEF223AA99B8007B6318 /* Release */ = {
			isa = XCBuildConfiguration;
			buildSettings = {
				ASSETCATALOG_COMPILER_APPICON_NAME = AppIcon;
				CLANG_ENABLE_OBJC_ARC = NO;
				CODE_SIGN_STYLE = Automatic;
				DEVELOPMENT_TEAM = VXUQXR6S56;
				INFOPLIST_FILE = "iOS10-Memory-Management/Info.plist";
				LD_RUNPATH_SEARCH_PATHS = (
					"$(inherited)",
					"@executable_path/Frameworks",
				);
				PRODUCT_BUNDLE_IDENTIFIER = "com.lambdaschool.iOS10-Memory-Management";
				PRODUCT_NAME = "$(TARGET_NAME)";
				TARGETED_DEVICE_FAMILY = "1,2";
			};
			name = Release;
		};
/* End XCBuildConfiguration section */

/* Begin XCConfigurationList section */
		BD00DED223AA99B6007B6318 /* Build configuration list for PBXProject "iOS10-Memory-Management" */ = {
			isa = XCConfigurationList;
			buildConfigurations = (
				BD00DEEE23AA99B8007B6318 /* Debug */,
				BD00DEEF23AA99B8007B6318 /* Release */,
			);
			defaultConfigurationIsVisible = 0;
			defaultConfigurationName = Release;
		};
		BD00DEF023AA99B8007B6318 /* Build configuration list for PBXNativeTarget "iOS10-Memory-Management" */ = {
			isa = XCConfigurationList;
			buildConfigurations = (
				BD00DEF123AA99B8007B6318 /* Debug */,
				BD00DEF223AA99B8007B6318 /* Release */,
			);
			defaultConfigurationIsVisible = 0;
			defaultConfigurationName = Release;
		};
/* End XCConfigurationList section */
	};
	rootObject = BD00DECF23AA99B6007B6318 /* Project object */;
}
